{
  "name": "sparring-hasura",
  "lockfileVersion": 2,
  "requires": true,
  "packages": {
    "": {
      "dependencies": {
        "@types/jsonwebtoken": "^8.5.1"
      }
    },
    "node_modules/@types/jsonwebtoken": {
      "version": "8.5.1",
      "resolved": "https://registry.npmjs.org/@types/jsonwebtoken/-/jsonwebtoken-8.5.1.tgz",
      "integrity": "sha512-rNAPdomlIUX0i0cg2+I+Q1wOUr531zHBQ+cV/28PJ39bSPKjahatZZ2LMuhiguETkCgLVzfruw/ZvNMNkKoSzw==",
      "dependencies": {
        "@types/node": "*"
      }
    },
    "node_modules/@types/node": {
      "version": "15.3.1",
      "resolved": "https://registry.npmjs.org/@types/node/-/node-15.3.1.tgz",
      "integrity": "sha512-weaeiP4UF4XgF++3rpQhpIJWsCTS4QJw5gvBhQu6cFIxTwyxWIe3xbnrY/o2lTCQ0lsdb8YIUDUvLR4Vuz5rbw=="
    }
  },
  "dependencies": {
    "@types/jsonwebtoken": {
      "version": "8.5.1",
      "resolved": "https://registry.npmjs.org/@types/jsonwebtoken/-/jsonwebtoken-8.5.1.tgz",
      "integrity": "sha512-rNAPdomlIUX0i0cg2+I+Q1wOUr531zHBQ+cV/28PJ39bSPKjahatZZ2LMuhiguETkCgLVzfruw/ZvNMNkKoSzw==",
      "requires": {
        "@types/node": "*"
      }
    },
    "@types/node": {
      "version": "15.3.1",
      "resolved": "https://registry.npmjs.org/@types/node/-/node-15.3.1.tgz",
      "integrity": "sha512-weaeiP4UF4XgF++3rpQhpIJWsCTS4QJw5gvBhQu6cFIxTwyxWIe3xbnrY/o2lTCQ0lsdb8YIUDUvLR4Vuz5rbw=="
    }
  }
}
